
Microsoft Visual Studio Solution File, Format Version 12.00
# Visual Studio Version 16
VisualStudioVersion = 16.0.31112.23
MinimumVisualStudioVersion = 10.0.40219.1
Project("{FAE04EC0-301F-11D3-BF4B-00C04F79EFBC}") = "3C1LUCAS26", "3C1LUCAS26\3C1LUCAS26.csproj", "{BADBDE2A-1279-47CF-8546-1A4A6FE24646}"
EndProject
Global
	GlobalSection(SolutionConfigurationPlatforms) = preSolution
		Debug|Any CPU = Debug|Any CPU
		Release|Any CPU = Release|Any CPU
	EndGlobalSection
	GlobalSection(ProjectConfigurationPlatforms) = postSolution
		{BADBDE2A-1279-47CF-8546-1A4A6FE24646}.Debug|Any CPU.ActiveCfg = Debug|Any CPU
		{BADBDE2A-1279-47CF-8546-1A4A6FE24646}.Debug|Any CPU.Build.0 = Debug|Any CPU
		{BADBDE2A-1279-47CF-8546-1A4A6FE24646}.Release|Any CPU.ActiveCfg = Release|Any CPU
		{BADBDE2A-1279-47CF-8546-1A4A6FE24646}.Release|Any CPU.Build.0 = Release|Any CPU
	EndGlobalSection
	GlobalSection(SolutionProperties) = preSolution
		HideSolutionNode = FALSE
	EndGlobalSection
	GlobalSection(ExtensibilityGlobals) = postSolution
		SolutionGuid = {4B2F92BC-F24C-447A-9115-37CE36C43DE4}
	EndGlobalSection
EndGlobal
